
Microsoft Visual Studio Solution File, Format Version 12.00
# Visual Studio Version 17
VisualStudioVersion = 17.7.34024.191
MinimumVisualStudioVersion = 10.0.40219.1
Project("{FAE04EC0-301F-11D3-BF4B-00C04F79EFBC}") = "PizzariaProject", "PizzariaProject.csproj", "{AA0D039E-DDB5-4390-B454-51AB8160E631}"
EndProject
Global
	GlobalSection(SolutionConfigurationPlatforms) = preSolution
		Debug|Any CPU = Debug|Any CPU
		Release|Any CPU = Release|Any CPU
	EndGlobalSection
	GlobalSection(ProjectConfigurationPlatforms) = postSolution
		{AA0D039E-DDB5-4390-B454-51AB8160E631}.Debug|Any CPU.ActiveCfg = Debug|Any CPU
		{AA0D039E-DDB5-4390-B454-51AB8160E631}.Debug|Any CPU.Build.0 = Debug|Any CPU
		{AA0D039E-DDB5-4390-B454-51AB8160E631}.Release|Any CPU.ActiveCfg = Release|Any CPU
		{AA0D039E-DDB5-4390-B454-51AB8160E631}.Release|Any CPU.Build.0 = Release|Any CPU
	EndGlobalSection
	GlobalSection(SolutionProperties) = preSolution
		HideSolutionNode = FALSE
	EndGlobalSection
	GlobalSection(ExtensibilityGlobals) = postSolution
		SolutionGuid = {849DDE04-BF86-42C7-B727-099B75CE2A01}
	EndGlobalSection
EndGlobal
